// !$*UTF8*$!
{
	archiveVersion = 1;
	classes = {
	};
	objectVersion = 56;
	objects = {

/* Begin PBXBuildFile section */
		7B2B666E28DA1142002C4E54 /* MusicPlayerApp.swift in Sources */ = {isa = PBXBuildFile; fileRef = 7B2B666D28DA1142002C4E54 /* MusicPlayerApp.swift */; };
		7B2B667028DA1142002C4E54 /* ContentView.swift in Sources */ = {isa = PBXBuildFile; fileRef = 7B2B666F28DA1142002C4E54 /* ContentView.swift */; };
		7B2B667228DA1145002C4E54 /* Assets.xcassets in Resources */ = {isa = PBXBuildFile; fileRef = 7B2B667128DA1145002C4E54 /* Assets.xcassets */; };
		9941925B293A8D2D00D4ADE6 /* UsefulFunctions.swift in Sources */ = {isa = PBXBuildFile; fileRef = 9941925A293A8D2D00D4ADE6 /* UsefulFunctions.swift */; };
		9951230B28E67DB200B1207A /* Artist.swift in Sources */ = {isa = PBXBuildFile; fileRef = 9951230A28E67DB200B1207A /* Artist.swift */; };
		9951230D28E67DC100B1207A /* Album.swift in Sources */ = {isa = PBXBuildFile; fileRef = 9951230C28E67DC100B1207A /* Album.swift */; };
		9951230F28E67DD000B1207A /* Songs.swift in Sources */ = {isa = PBXBuildFile; fileRef = 9951230E28E67DD000B1207A /* Songs.swift */; };
		9951231128E67E0400B1207A /* LocalPlaylist.swift in Sources */ = {isa = PBXBuildFile; fileRef = 9951231028E67E0400B1207A /* LocalPlaylist.swift */; };
		9951231328E68A0F00B1207A /* TodayTop.swift in Sources */ = {isa = PBXBuildFile; fileRef = 9951231228E68A0F00B1207A /* TodayTop.swift */; };
		99555D5A28E548ED00F2A484 /* Connect.swift in Sources */ = {isa = PBXBuildFile; fileRef = 99555D5928E548ED00F2A484 /* Connect.swift */; };
		99A0947628E281020034433A /* PickForYou.swift in Sources */ = {isa = PBXBuildFile; fileRef = 99A0947528E281020034433A /* PickForYou.swift */; };
		99A0947C28E2A45A0034433A /* PersonalRadio.swift in Sources */ = {isa = PBXBuildFile; fileRef = 99A0947B28E2A45A0034433A /* PersonalRadio.swift */; };
/* End PBXBuildFile section */

/* Begin PBXFileReference section */
		7B2B666D28DA1142002C4E54 /* MusicPlayerApp.swift */ = {isa = PBXFileReference; lastKnownFileType = sourcecode.swift; path = MusicPlayerApp.swift; sourceTree = "<group>"; };
		7B2B666F28DA1142002C4E54 /* ContentView.swift */ = {isa = PBXFileReference; fileEncoding = 4; lastKnownFileType = sourcecode.swift; lineEnding = 0; path = ContentView.swift; sourceTree = "<group>"; };
		7B2B667128DA1145002C4E54 /* Assets.xcassets */ = {isa = PBXFileReference; lastKnownFileType = folder.assetcatalog; path = Assets.xcassets; sourceTree = "<group>"; };
		9904950E2910A93A007DF943 /* MusicPlayer.app */ = {isa = PBXFileReference; explicitFileType = wrapper.application; includeInIndex = 0; path = MusicPlayer.app; sourceTree = BUILT_PRODUCTS_DIR; };
		9941925A293A8D2D00D4ADE6 /* UsefulFunctions.swift */ = {isa = PBXFileReference; lastKnownFileType = sourcecode.swift; path = UsefulFunctions.swift; sourceTree = "<group>"; };
		9951230A28E67DB200B1207A /* Artist.swift */ = {isa = PBXFileReference; lastKnownFileType = sourcecode.swift; path = Artist.swift; sourceTree = "<group>"; };
		9951230C28E67DC100B1207A /* Album.swift */ = {isa = PBXFileReference; lastKnownFileType = sourcecode.swift; path = Album.swift; sourceTree = "<group>"; };
		9951230E28E67DD000B1207A /* Songs.swift */ = {isa = PBXFileReference; lastKnownFileType = sourcecode.swift; path = Songs.swift; sourceTree = "<group>"; };
		9951231028E67E0400B1207A /* LocalPlaylist.swift */ = {isa = PBXFileReference; fileEncoding = 4; lastKnownFileType = sourcecode.swift; path = LocalPlaylist.swift; sourceTree = "<group>"; };
		9951231228E68A0F00B1207A /* TodayTop.swift */ = {isa = PBXFileReference; lastKnownFileType = sourcecode.swift; path = TodayTop.swift; sourceTree = "<group>"; };
		99555D5928E548ED00F2A484 /* Connect.swift */ = {isa = PBXFileReference; lastKnownFileType = sourcecode.swift; path = Connect.swift; sourceTree = "<group>"; };
		996D343D28ECB33500257A5D /* MusicPlayer.entitlements */ = {isa = PBXFileReference; fileEncoding = 4; lastKnownFileType = text.plist.entitlements; path = MusicPlayer.entitlements; sourceTree = "<group>"; };
		99A0947528E281020034433A /* PickForYou.swift */ = {isa = PBXFileReference; lastKnownFileType = sourcecode.swift; path = PickForYou.swift; sourceTree = "<group>"; };
		99A0947B28E2A45A0034433A /* PersonalRadio.swift */ = {isa = PBXFileReference; lastKnownFileType = sourcecode.swift; path = PersonalRadio.swift; sourceTree = "<group>"; };
/* End PBXFileReference section */

/* Begin PBXFrameworksBuildPhase section */
		7B2B666728DA1142002C4E54 /* Frameworks */ = {
			isa = PBXFrameworksBuildPhase;
			buildActionMask = 2147483647;
			files = (
			);
			runOnlyForDeploymentPostprocessing = 0;
		};
/* End PBXFrameworksBuildPhase section */

/* Begin PBXGroup section */
		7B2B666128DA1142002C4E54 = {
			isa = PBXGroup;
			children = (
				7B2B666C28DA1142002C4E54 /* MusicPlayer */,
				9904950E2910A93A007DF943 /* MusicPlayer.app */,
			);
			sourceTree = "<group>";
		};
		7B2B666C28DA1142002C4E54 /* MusicPlayer */ = {
			isa = PBXGroup;
			children = (
				9941925C293A8E6500D4ADE6 /* TODO */,
				9941925A293A8D2D00D4ADE6 /* UsefulFunctions.swift */,
				996D343D28ECB33500257A5D /* MusicPlayer.entitlements */,
				7B2B666D28DA1142002C4E54 /* MusicPlayerApp.swift */,
				9951231028E67E0400B1207A /* LocalPlaylist.swift */,
				7B2B666F28DA1142002C4E54 /* ContentView.swift */,
				7B2B667128DA1145002C4E54 /* Assets.xcassets */,
			);
			path = MusicPlayer;
			sourceTree = "<group>";
		};
		9941925C293A8E6500D4ADE6 /* TODO */ = {
			isa = PBXGroup;
			children = (
				99A0947528E281020034433A /* PickForYou.swift */,
				99A0947B28E2A45A0034433A /* PersonalRadio.swift */,
				99555D5928E548ED00F2A484 /* Connect.swift */,
				9951231228E68A0F00B1207A /* TodayTop.swift */,
				9951230A28E67DB200B1207A /* Artist.swift */,
				9951230C28E67DC100B1207A /* Album.swift */,
				9951230E28E67DD000B1207A /* Songs.swift */,
			);
			path = TODO;
			sourceTree = "<group>";
		};
/* End PBXGroup section */

/* Begin PBXNativeTarget section */
		7B2B666928DA1142002C4E54 /* MusicPlayer */ = {
			isa = PBXNativeTarget;
			buildConfigurationList = 7B2B667928DA1145002C4E54 /* Build configuration list for PBXNativeTarget "MusicPlayer" */;
			buildPhases = (
				7B2B666628DA1142002C4E54 /* Sources */,
				7B2B666728DA1142002C4E54 /* Frameworks */,
				7B2B666828DA1142002C4E54 /* Resources */,
			);
			buildRules = (
			);
			dependencies = (
			);
			name = MusicPlayer;
			productName = MusicPlayer;
			productReference = 9904950E2910A93A007DF943 /* MusicPlayer.app */;
			productType = "com.apple.product-type.application";
		};
/* End PBXNativeTarget section */

/* Begin PBXProject section */
		7B2B666228DA1142002C4E54 /* Project object */ = {
			isa = PBXProject;
			attributes = {
				BuildIndependentTargetsInParallel = 1;
				LastSwiftUpdateCheck = 1400;
				LastUpgradeCheck = 1410;
				TargetAttributes = {
					7B2B666928DA1142002C4E54 = {
						CreatedOnToolsVersion = 14.0;
					};
				};
			};
			buildConfigurationList = 7B2B666528DA1142002C4E54 /* Build configuration list for PBXProject "MusicPlayer" */;
			compatibilityVersion = "Xcode 14.0";
			developmentRegion = en;
			hasScannedForEncodings = 0;
			knownRegions = (
				en,
				Base,
			);
			mainGroup = 7B2B666128DA1142002C4E54;
			productRefGroup = 7B2B666128DA1142002C4E54;
			projectDirPath = "";
			projectRoot = "";
			targets = (
				7B2B666928DA1142002C4E54 /* MusicPlayer */,
			);
		};
/* End PBXProject section */

/* Begin PBXResourcesBuildPhase section */
		7B2B666828DA1142002C4E54 /* Resources */ = {
			isa = PBXResourcesBuildPhase;
			buildActionMask = 2147483647;
			files = (
				7B2B667228DA1145002C4E54 /* Assets.xcassets in Resources */,
			);
			runOnlyForDeploymentPostprocessing = 0;
		};
/* End PBXResourcesBuildPhase section */

/* Begin PBXSourcesBuildPhase section */
		7B2B666628DA1142002C4E54 /* Sources */ = {
			isa = PBXSourcesBuildPhase;
			buildActionMask = 2147483647;
			files = (
				9951230F28E67DD000B1207A /* Songs.swift in Sources */,
				9941925B293A8D2D00D4ADE6 /* UsefulFunctions.swift in Sources */,
				9951231128E67E0400B1207A /* LocalPlaylist.swift in Sources */,
				9951231328E68A0F00B1207A /* TodayTop.swift in Sources */,
				99A0947C28E2A45A0034433A /* PersonalRadio.swift in Sources */,
				7B2B667028DA1142002C4E54 /* ContentView.swift in Sources */,
				99555D5A28E548ED00F2A484 /* Connect.swift in Sources */,
				99A0947628E281020034433A /* PickForYou.swift in Sources */,
				9951230D28E67DC100B1207A /* Album.swift in Sources */,
				9951230B28E67DB200B1207A /* Artist.swift in Sources */,
				7B2B666E28DA1142002C4E54 /* MusicPlayerApp.swift in Sources */,
			);
			runOnlyForDeploymentPostprocessing = 0;
		};
/* End PBXSourcesBuildPhase section */

/* Begin XCBuildConfiguration section */
		7B2B667728DA1145002C4E54 /* Debug */ = {
			isa = XCBuildConfiguration;
			buildSettings = {
				ALWAYS_SEARCH_USER_PATHS = NO;
				CLANG_ANALYZER_NONNULL = YES;
				CLANG_ANALYZER_NUMBER_OBJECT_CONVERSION = YES_AGGRESSIVE;
				CLANG_CXX_LANGUAGE_STANDARD = "gnu++20";
				CLANG_ENABLE_MODULES = YES;
				CLANG_ENABLE_OBJC_ARC = YES;
				CLANG_ENABLE_OBJC_WEAK = YES;
				CLANG_WARN_BLOCK_CAPTURE_AUTORELEASING = YES;
				CLANG_WARN_BOOL_CONVERSION = YES;
				CLANG_WARN_COMMA = YES;
				CLANG_WARN_CONSTANT_CONVERSION = YES;
				CLANG_WARN_DEPRECATED_OBJC_IMPLEMENTATIONS = YES;
				CLANG_WARN_DIRECT_OBJC_ISA_USAGE = YES_ERROR;
				CLANG_WARN_DOCUMENTATION_COMMENTS = YES;
				CLANG_WARN_EMPTY_BODY = YES;
				CLANG_WARN_ENUM_CONVERSION = YES;
				CLANG_WARN_INFINITE_RECURSION = YES;
				CLANG_WARN_INT_CONVERSION = YES;
				CLANG_WARN_NON_LITERAL_NULL_CONVERSION = YES;
				CLANG_WARN_OBJC_IMPLICIT_RETAIN_SELF = YES;
				CLANG_WARN_OBJC_LITERAL_CONVERSION = YES;
				CLANG_WARN_OBJC_ROOT_CLASS = YES_ERROR;
				CLANG_WARN_QUOTED_INCLUDE_IN_FRAMEWORK_HEADER = YES;
				CLANG_WARN_RANGE_LOOP_ANALYSIS = YES;
				CLANG_WARN_STRICT_PROTOTYPES = YES;
				CLANG_WARN_SUSPICIOUS_MOVE = YES;
				CLANG_WARN_UNGUARDED_AVAILABILITY = YES_AGGRESSIVE;
				CLANG_WARN_UNREACHABLE_CODE = YES;
				CLANG_WARN__DUPLICATE_METHOD_MATCH = YES;
				COPY_PHASE_STRIP = YES;
				DEAD_CODE_STRIPPING = YES;
				DEBUG_INFORMATION_FORMAT = dwarf;
				ENABLE_STRICT_OBJC_MSGSEND = YES;
				ENABLE_TESTABILITY = YES;
				GCC_C_LANGUAGE_STANDARD = gnu11;
				GCC_DYNAMIC_NO_PIC = NO;
				GCC_NO_COMMON_BLOCKS = YES;
				GCC_OPTIMIZATION_LEVEL = 0;
				GCC_PREPROCESSOR_DEFINITIONS = (
					"DEBUG=1",
					"$(inherited)",
				);
				GCC_WARN_64_TO_32_BIT_CONVERSION = YES;
				GCC_WARN_ABOUT_RETURN_TYPE = YES_ERROR;
				GCC_WARN_UNDECLARED_SELECTOR = YES;
				GCC_WARN_UNINITIALIZED_AUTOS = YES_AGGRESSIVE;
				GCC_WARN_UNUSED_FUNCTION = YES;
				GCC_WARN_UNUSED_VARIABLE = YES;
				MACOSX_DEPLOYMENT_TARGET = 12.3;
				MTL_ENABLE_DEBUG_INFO = INCLUDE_SOURCE;
				MTL_FAST_MATH = YES;
				ONLY_ACTIVE_ARCH = YES;
				PRODUCT_NAME = "Peace - The Music Player";
				SDKROOT = macosx;
				SWIFT_ACTIVE_COMPILATION_CONDITIONS = DEBUG;
				SWIFT_OPTIMIZATION_LEVEL = "-Onone";
			};
			name = Debug;
		};
		7B2B667828DA1145002C4E54 /* Release */ = {
			isa = XCBuildConfiguration;
			buildSettings = {
				ALWAYS_SEARCH_USER_PATHS = NO;
				CLANG_ANALYZER_NONNULL = YES;
				CLANG_ANALYZER_NUMBER_OBJECT_CONVERSION = YES_AGGRESSIVE;
				CLANG_CXX_LANGUAGE_STANDARD = "gnu++20";
				CLANG_ENABLE_MODULES = YES;
				CLANG_ENABLE_OBJC_ARC = YES;
				CLANG_ENABLE_OBJC_WEAK = YES;
				CLANG_WARN_BLOCK_CAPTURE_AUTORELEASING = YES;
				CLANG_WARN_BOOL_CONVERSION = YES;
				CLANG_WARN_COMMA = YES;
				CLANG_WARN_CONSTANT_CONVERSION = YES;
				CLANG_WARN_DEPRECATED_OBJC_IMPLEMENTATIONS = YES;
				CLANG_WARN_DIRECT_OBJC_ISA_USAGE = YES_ERROR;
				CLANG_WARN_DOCUMENTATION_COMMENTS = YES;
				CLANG_WARN_EMPTY_BODY = YES;
				CLANG_WARN_ENUM_CONVERSION = YES;
				CLANG_WARN_INFINITE_RECURSION = YES;
				CLANG_WARN_INT_CONVERSION = YES;
				CLANG_WARN_NON_LITERAL_NULL_CONVERSION = YES;
				CLANG_WARN_OBJC_IMPLICIT_RETAIN_SELF = YES;
				CLANG_WARN_OBJC_LITERAL_CONVERSION = YES;
				CLANG_WARN_OBJC_ROOT_CLASS = YES_ERROR;
				CLANG_WARN_QUOTED_INCLUDE_IN_FRAMEWORK_HEADER = YES;
				CLANG_WARN_RANGE_LOOP_ANALYSIS = YES;
				CLANG_WARN_STRICT_PROTOTYPES = YES;
				CLANG_WARN_SUSPICIOUS_MOVE = YES;
				CLANG_WARN_UNGUARDED_AVAILABILITY = YES_AGGRESSIVE;
				CLANG_WARN_UNREACHABLE_CODE = YES;
				CLANG_WARN__DUPLICATE_METHOD_MATCH = YES;
				COPY_PHASE_STRIP = YES;
				DEAD_CODE_STRIPPING = YES;
				DEBUG_INFORMATION_FORMAT = dwarf;
				ENABLE_NS_ASSERTIONS = NO;
				ENABLE_STRICT_OBJC_MSGSEND = YES;
				ENABLE_TESTABILITY = NO;
				GCC_C_LANGUAGE_STANDARD = gnu11;
				GCC_NO_COMMON_BLOCKS = YES;
				GCC_WARN_64_TO_32_BIT_CONVERSION = YES;
				GCC_WARN_ABOUT_RETURN_TYPE = YES_ERROR;
				GCC_WARN_UNDECLARED_SELECTOR = YES;
				GCC_WARN_UNINITIALIZED_AUTOS = YES_AGGRESSIVE;
				GCC_WARN_UNUSED_FUNCTION = YES;
				GCC_WARN_UNUSED_VARIABLE = YES;
				MACOSX_DEPLOYMENT_TARGET = 12.3;
				MTL_ENABLE_DEBUG_INFO = NO;
				MTL_FAST_MATH = YES;
				ONLY_ACTIVE_ARCH = YES;
				PRODUCT_NAME = "Peace - The Music Player";
				SDKROOT = macosx;
				SWIFT_COMPILATION_MODE = wholemodule;
				SWIFT_OPTIMIZATION_LEVEL = "-O";
			};
			name = Release;
		};
		7B2B667A28DA1145002C4E54 /* Debug */ = {
			isa = XCBuildConfiguration;
			buildSettings = {
				ASSETCATALOG_COMPILER_APPICON_NAME = AppIcon;
				ASSETCATALOG_COMPILER_GLOBAL_ACCENT_COLOR_NAME = AccentColor;
				ASSETCATALOG_COMPILER_INCLUDE_ALL_APPICON_ASSETS = YES;
				CODE_SIGN_ENTITLEMENTS = MusicPlayer/MusicPlayer.entitlements;
				CODE_SIGN_IDENTITY = "Apple Development";
				"CODE_SIGN_IDENTITY[sdk=macosx*]" = "-";
				CODE_SIGN_STYLE = Automatic;
				COMBINE_HIDPI_IMAGES = YES;
				CURRENT_PROJECT_VERSION = 1;
				DEAD_CODE_STRIPPING = YES;
				DEVELOPMENT_ASSET_PATHS = "";
				DEVELOPMENT_TEAM = ZR2RHJLP29;
				ENABLE_HARDENED_RUNTIME = YES;
				ENABLE_PREVIEWS = YES;
				GENERATE_INFOPLIST_FILE = YES;
				INFOPLIST_KEY_CFBundleDisplayName = "Peace - The Music player";
				INFOPLIST_KEY_LSApplicationCategoryType = "public.app-category.music";
				INFOPLIST_KEY_NSHumanReadableCopyright = "";
				LD_RUNPATH_SEARCH_PATHS = (
					"$(inherited)",
					"@executable_path/../Frameworks",
				);
				MACOSX_DEPLOYMENT_TARGET = 13.0;
				MARKETING_VERSION = 1.0;
				PRODUCT_BUNDLE_IDENTIFIER = com.edu.truman.Hengyi.MusicPlayer;
				PRODUCT_NAME = "$(TARGET_NAME)";
				PROVISIONING_PROFILE_SPECIFIER = "";
				SWIFT_EMIT_LOC_STRINGS = YES;
				SWIFT_VERSION = 5.0;
			};
			name = Debug;
		};
		7B2B667B28DA1145002C4E54 /* Release */ = {
			isa = XCBuildConfiguration;
			buildSettings = {
				ASSETCATALOG_COMPILER_APPICON_NAME = AppIcon;
				ASSETCATALOG_COMPILER_GLOBAL_ACCENT_COLOR_NAME = AccentColor;
				ASSETCATALOG_COMPILER_INCLUDE_ALL_APPICON_ASSETS = YES;
				CODE_SIGN_ENTITLEMENTS = MusicPlayer/MusicPlayer.entitlements;
				CODE_SIGN_IDENTITY = "Apple Development";
				"CODE_SIGN_IDENTITY[sdk=macosx*]" = "-";
				CODE_SIGN_STYLE = Automatic;
				COMBINE_HIDPI_IMAGES = YES;
				CURRENT_PROJECT_VERSION = 1;
				DEAD_CODE_STRIPPING = YES;
				DEVELOPMENT_ASSET_PATHS = "";
				DEVELOPMENT_TEAM = ZR2RHJLP29;
				ENABLE_HARDENED_RUNTIME = YES;
				ENABLE_PREVIEWS = YES;
				GENERATE_INFOPLIST_FILE = YES;
				INFOPLIST_KEY_CFBundleDisplayName = "Peace - The Music player";
				INFOPLIST_KEY_LSApplicationCategoryType = "public.app-category.music";
				INFOPLIST_KEY_NSHumanReadableCopyright = "";
				LD_RUNPATH_SEARCH_PATHS = (
					"$(inherited)",
					"@executable_path/../Frameworks",
				);
				MACOSX_DEPLOYMENT_TARGET = 13.0;
				MARKETING_VERSION = 1.0;
				ONLY_ACTIVE_ARCH = YES;
				PRODUCT_BUNDLE_IDENTIFIER = com.edu.truman.Hengyi.MusicPlayer;
				PRODUCT_NAME = "$(TARGET_NAME)";
				PROVISIONING_PROFILE_SPECIFIER = "";
				SWIFT_EMIT_LOC_STRINGS = YES;
				SWIFT_VERSION = 5.0;
			};
			name = Release;
		};
/* End XCBuildConfiguration section */

/* Begin XCConfigurationList section */
		7B2B666528DA1142002C4E54 /* Build configuration list for PBXProject "MusicPlayer" */ = {
			isa = XCConfigurationList;
			buildConfigurations = (
				7B2B667728DA1145002C4E54 /* Debug */,
				7B2B667828DA1145002C4E54 /* Release */,
			);
			defaultConfigurationIsVisible = 0;
			defaultConfigurationName = Debug;
		};
		7B2B667928DA1145002C4E54 /* Build configuration list for PBXNativeTarget "MusicPlayer" */ = {
			isa = XCConfigurationList;
			buildConfigurations = (
				7B2B667A28DA1145002C4E54 /* Debug */,
				7B2B667B28DA1145002C4E54 /* Release */,
			);
			defaultConfigurationIsVisible = 0;
			defaultConfigurationName = Debug;
		};
/* End XCConfigurationList section */
	};
	rootObject = 7B2B666228DA1142002C4E54 /* Project object */;
}
